
Microsoft Visual Studio Solution File, Format Version 12.00
# Visual Studio Version 16
VisualStudioVersion = 16.0.30011.22
MinimumVisualStudioVersion = 10.0.40219.1
Project("{9A19103F-16F7-4668-BE54-9A1E7A4F7556}") = "ConnectionProvider", "ConnectionProvider.csproj", "{8A73C1FC-1750-432B-B2C2-A97F0B11211A}"
EndProject
Project("{9A19103F-16F7-4668-BE54-9A1E7A4F7556}") = "NCORM", "..\..\CommonLib\DataLayer\NCORM\NCORM.csproj", "{B8CFCCAC-DD51-4244-9104-22AD8ED55BC3}"
EndProject
Global
	GlobalSection(SolutionConfigurationPlatforms) = preSolution
		Debug|Any CPU = Debug|Any CPU
		Release|Any CPU = Release|Any CPU
	EndGlobalSection
	GlobalSection(ProjectConfigurationPlatforms) = postSolution
		{8A73C1FC-1750-432B-B2C2-A97F0B11211A}.Debug|Any CPU.ActiveCfg = Debug|Any CPU
		{8A73C1FC-1750-432B-B2C2-A97F0B11211A}.Debug|Any CPU.Build.0 = Debug|Any CPU
		{8A73C1FC-1750-432B-B2C2-A97F0B11211A}.Release|Any CPU.ActiveCfg = Release|Any CPU
		{8A73C1FC-1750-432B-B2C2-A97F0B11211A}.Release|Any CPU.Build.0 = Release|Any CPU
		{B8CFCCAC-DD51-4244-9104-22AD8ED55BC3}.Debug|Any CPU.ActiveCfg = Debug|Any CPU
		{B8CFCCAC-DD51-4244-9104-22AD8ED55BC3}.Debug|Any CPU.Build.0 = Debug|Any CPU
		{B8CFCCAC-DD51-4244-9104-22AD8ED55BC3}.Release|Any CPU.ActiveCfg = Release|Any CPU
		{B8CFCCAC-DD51-4244-9104-22AD8ED55BC3}.Release|Any CPU.Build.0 = Release|Any CPU
	EndGlobalSection
	GlobalSection(SolutionProperties) = preSolution
		HideSolutionNode = FALSE
	EndGlobalSection
	GlobalSection(ExtensibilityGlobals) = postSolution
		SolutionGuid = {7251E164-FC9B-45B3-AA2C-825432925FD4}
	EndGlobalSection
EndGlobal
